// !$*UTF8*$!
{
	archiveVersion = 1;
	classes = {
	};
	objectVersion = 46;
	objects = {

/* Begin PBXBuildFile section */
		02AB97B31C5D86EF00C8D155 /* AppDelegate.swift in Sources */ = {isa = PBXBuildFile; fileRef = 02AB97B21C5D86EF00C8D155 /* AppDelegate.swift */; };
		02AB97B51C5D86EF00C8D155 /* ViewController.swift in Sources */ = {isa = PBXBuildFile; fileRef = 02AB97B41C5D86EF00C8D155 /* ViewController.swift */; };
		02AB97B81C5D86EF00C8D155 /* Main.storyboard in Resources */ = {isa = PBXBuildFile; fileRef = 02AB97B61C5D86EF00C8D155 /* Main.storyboard */; };
		02AB97BB1C5D86EF00C8D155 /* gym8.xcdatamodeld in Sources */ = {isa = PBXBuildFile; fileRef = 02AB97B91C5D86EF00C8D155 /* gym8.xcdatamodeld */; };
		02AB97BD1C5D86EF00C8D155 /* Assets.xcassets in Resources */ = {isa = PBXBuildFile; fileRef = 02AB97BC1C5D86EF00C8D155 /* Assets.xcassets */; };
		02AB97C01C5D86EF00C8D155 /* LaunchScreen.storyboard in Resources */ = {isa = PBXBuildFile; fileRef = 02AB97BE1C5D86EF00C8D155 /* LaunchScreen.storyboard */; };
		02AB97CB1C5D86EF00C8D155 /* gym8Tests.swift in Sources */ = {isa = PBXBuildFile; fileRef = 02AB97CA1C5D86EF00C8D155 /* gym8Tests.swift */; };
		02AB97D61C5D86EF00C8D155 /* gym8UITests.swift in Sources */ = {isa = PBXBuildFile; fileRef = 02AB97D51C5D86EF00C8D155 /* gym8UITests.swift */; };
/* End PBXBuildFile section */

/* Begin PBXContainerItemProxy section */
		02AB97C71C5D86EF00C8D155 /* PBXContainerItemProxy */ = {
			isa = PBXContainerItemProxy;
			containerPortal = 02AB97A71C5D86EF00C8D155 /* Project object */;
			proxyType = 1;
			remoteGlobalIDString = 02AB97AE1C5D86EF00C8D155;
			remoteInfo = gym8;
		};
		02AB97D21C5D86EF00C8D155 /* PBXContainerItemProxy */ = {
			isa = PBXContainerItemProxy;
			containerPortal = 02AB97A71C5D86EF00C8D155 /* Project object */;
			proxyType = 1;
			remoteGlobalIDString = 02AB97AE1C5D86EF00C8D155;
			remoteInfo = gym8;
		};
/* End PBXContainerItemProxy section */

/* Begin PBXFileReference section */
		02AB97AF1C5D86EF00C8D155 /* gym8.app */ = {isa = PBXFileReference; explicitFileType = wrapper.application; includeInIndex = 0; path = gym8.app; sourceTree = BUILT_PRODUCTS_DIR; };
		02AB97B21C5D86EF00C8D155 /* AppDelegate.swift */ = {isa = PBXFileReference; lastKnownFileType = sourcecode.swift; path = AppDelegate.swift; sourceTree = "<group>"; };
		02AB97B41C5D86EF00C8D155 /* ViewController.swift */ = {isa = PBXFileReference; lastKnownFileType = sourcecode.swift; path = ViewController.swift; sourceTree = "<group>"; };
		02AB97B71C5D86EF00C8D155 /* Base */ = {isa = PBXFileReference; lastKnownFileType = file.storyboard; name = Base; path = Base.lproj/Main.storyboard; sourceTree = "<group>"; };
		02AB97BA1C5D86EF00C8D155 /* gym8.xcdatamodel */ = {isa = PBXFileReference; lastKnownFileType = wrapper.xcdatamodel; path = gym8.xcdatamodel; sourceTree = "<group>"; };
		02AB97BC1C5D86EF00C8D155 /* Assets.xcassets */ = {isa = PBXFileReference; lastKnownFileType = folder.assetcatalog; path = Assets.xcassets; sourceTree = "<group>"; };
		02AB97BF1C5D86EF00C8D155 /* Base */ = {isa = PBXFileReference; lastKnownFileType = file.storyboard; name = Base; path = Base.lproj/LaunchScreen.storyboard; sourceTree = "<group>"; };
		02AB97C11C5D86EF00C8D155 /* Info.plist */ = {isa = PBXFileReference; lastKnownFileType = text.plist.xml; path = Info.plist; sourceTree = "<group>"; };
		02AB97C61C5D86EF00C8D155 /* gym8Tests.xctest */ = {isa = PBXFileReference; explicitFileType = wrapper.cfbundle; includeInIndex = 0; path = gym8Tests.xctest; sourceTree = BUILT_PRODUCTS_DIR; };
		02AB97CA1C5D86EF00C8D155 /* gym8Tests.swift */ = {isa = PBXFileReference; lastKnownFileType = sourcecode.swift; path = gym8Tests.swift; sourceTree = "<group>"; };
		02AB97CC1C5D86EF00C8D155 /* Info.plist */ = {isa = PBXFileReference; lastKnownFileType = text.plist.xml; path = Info.plist; sourceTree = "<group>"; };
		02AB97D11C5D86EF00C8D155 /* gym8UITests.xctest */ = {isa = PBXFileReference; explicitFileType = wrapper.cfbundle; includeInIndex = 0; path = gym8UITests.xctest; sourceTree = BUILT_PRODUCTS_DIR; };
		02AB97D51C5D86EF00C8D155 /* gym8UITests.swift */ = {isa = PBXFileReference; lastKnownFileType = sourcecode.swift; path = gym8UITests.swift; sourceTree = "<group>"; };
		02AB97D71C5D86EF00C8D155 /* Info.plist */ = {isa = PBXFileReference; lastKnownFileType = text.plist.xml; path = Info.plist; sourceTree = "<group>"; };
/* End PBXFileReference section */

/* Begin PBXFrameworksBuildPhase section */
		02AB97AC1C5D86EF00C8D155 /* Frameworks */ = {
			isa = PBXFrameworksBuildPhase;
			buildActionMask = 2147483647;
			files = (
			);
			runOnlyForDeploymentPostprocessing = 0;
		};
		02AB97C31C5D86EF00C8D155 /* Frameworks */ = {
			isa = PBXFrameworksBuildPhase;
			buildActionMask = 2147483647;
			files = (
			);
			runOnlyForDeploymentPostprocessing = 0;
		};
		02AB97CE1C5D86EF00C8D155 /* Frameworks */ = {
			isa = PBXFrameworksBuildPhase;
			buildActionMask = 2147483647;
			files = (
			);
			runOnlyForDeploymentPostprocessing = 0;
		};
/* End PBXFrameworksBuildPhase section */

/* Begin PBXGroup section */
		02AB97A61C5D86EF00C8D155 = {
			isa = PBXGroup;
			children = (
				02AB97B11C5D86EF00C8D155 /* gym8 */,
				02AB97C91C5D86EF00C8D155 /* gym8Tests */,
				02AB97D41C5D86EF00C8D155 /* gym8UITests */,
				02AB97B01C5D86EF00C8D155 /* Products */,
			);
			sourceTree = "<group>";
		};
		02AB97B01C5D86EF00C8D155 /* Products */ = {
			isa = PBXGroup;
			children = (
				02AB97AF1C5D86EF00C8D155 /* gym8.app */,
				02AB97C61C5D86EF00C8D155 /* gym8Tests.xctest */,
				02AB97D11C5D86EF00C8D155 /* gym8UITests.xctest */,
			);
			name = Products;
			sourceTree = "<group>";
		};
		02AB97B11C5D86EF00C8D155 /* gym8 */ = {
			isa = PBXGroup;
			children = (
				02AB97B21C5D86EF00C8D155 /* AppDelegate.swift */,
				02AB97B41C5D86EF00C8D155 /* ViewController.swift */,
				02AB97B61C5D86EF00C8D155 /* Main.storyboard */,
				02AB97BC1C5D86EF00C8D155 /* Assets.xcassets */,
				02AB97BE1C5D86EF00C8D155 /* LaunchScreen.storyboard */,
				02AB97C11C5D86EF00C8D155 /* Info.plist */,
				02AB97B91C5D86EF00C8D155 /* gym8.xcdatamodeld */,
			);
			path = gym8;
			sourceTree = "<group>";
		};
		02AB97C91C5D86EF00C8D155 /* gym8Tests */ = {
			isa = PBXGroup;
			children = (
				02AB97CA1C5D86EF00C8D155 /* gym8Tests.swift */,
				02AB97CC1C5D86EF00C8D155 /* Info.plist */,
			);
			path = gym8Tests;
			sourceTree = "<group>";
		};
		02AB97D41C5D86EF00C8D155 /* gym8UITests */ = {
			isa = PBXGroup;
			children = (
				02AB97D51C5D86EF00C8D155 /* gym8UITests.swift */,
				02AB97D71C5D86EF00C8D155 /* Info.plist */,
			);
			path = gym8UITests;
			sourceTree = "<group>";
		};
/* End PBXGroup section */

/* Begin PBXNativeTarget section */
		02AB97AE1C5D86EF00C8D155 /* gym8 */ = {
			isa = PBXNativeTarget;
			buildConfigurationList = 02AB97DA1C5D86EF00C8D155 /* Build configuration list for PBXNativeTarget "gym8" */;
			buildPhases = (
				02AB97AB1C5D86EF00C8D155 /* Sources */,
				02AB97AC1C5D86EF00C8D155 /* Frameworks */,
				02AB97AD1C5D86EF00C8D155 /* Resources */,
			);
			buildRules = (
			);
			dependencies = (
			);
			name = gym8;
			productName = gym8;
			productReference = 02AB97AF1C5D86EF00C8D155 /* gym8.app */;
			productType = "com.apple.product-type.application";
		};
		02AB97C51C5D86EF00C8D155 /* gym8Tests */ = {
			isa = PBXNativeTarget;
			buildConfigurationList = 02AB97DD1C5D86EF00C8D155 /* Build configuration list for PBXNativeTarget "gym8Tests" */;
			buildPhases = (
				02AB97C21C5D86EF00C8D155 /* Sources */,
				02AB97C31C5D86EF00C8D155 /* Frameworks */,
				02AB97C41C5D86EF00C8D155 /* Resources */,
			);
			buildRules = (
			);
			dependencies = (
				02AB97C81C5D86EF00C8D155 /* PBXTargetDependency */,
			);
			name = gym8Tests;
			productName = gym8Tests;
			productReference = 02AB97C61C5D86EF00C8D155 /* gym8Tests.xctest */;
			productType = "com.apple.product-type.bundle.unit-test";
		};
		02AB97D01C5D86EF00C8D155 /* gym8UITests */ = {
			isa = PBXNativeTarget;
			buildConfigurationList = 02AB97E01C5D86EF00C8D155 /* Build configuration list for PBXNativeTarget "gym8UITests" */;
			buildPhases = (
				02AB97CD1C5D86EF00C8D155 /* Sources */,
				02AB97CE1C5D86EF00C8D155 /* Frameworks */,
				02AB97CF1C5D86EF00C8D155 /* Resources */,
			);
			buildRules = (
			);
			dependencies = (
				02AB97D31C5D86EF00C8D155 /* PBXTargetDependency */,
			);
			name = gym8UITests;
			productName = gym8UITests;
			productReference = 02AB97D11C5D86EF00C8D155 /* gym8UITests.xctest */;
			productType = "com.apple.product-type.bundle.ui-testing";
		};
/* End PBXNativeTarget section */

/* Begin PBXProject section */
		02AB97A71C5D86EF00C8D155 /* Project object */ = {
			isa = PBXProject;
			attributes = {
				LastSwiftUpdateCheck = 0720;
				LastUpgradeCheck = 0720;
				ORGANIZATIONNAME = TrungDo;
				TargetAttributes = {
					02AB97AE1C5D86EF00C8D155 = {
						CreatedOnToolsVersion = 7.2;
					};
					02AB97C51C5D86EF00C8D155 = {
						CreatedOnToolsVersion = 7.2;
						TestTargetID = 02AB97AE1C5D86EF00C8D155;
					};
					02AB97D01C5D86EF00C8D155 = {
						CreatedOnToolsVersion = 7.2;
						TestTargetID = 02AB97AE1C5D86EF00C8D155;
					};
				};
			};
			buildConfigurationList = 02AB97AA1C5D86EF00C8D155 /* Build configuration list for PBXProject "gym8" */;
			compatibilityVersion = "Xcode 3.2";
			developmentRegion = English;
			hasScannedForEncodings = 0;
			knownRegions = (
				en,
				Base,
			);
			mainGroup = 02AB97A61C5D86EF00C8D155;
			productRefGroup = 02AB97B01C5D86EF00C8D155 /* Products */;
			projectDirPath = "";
			projectRoot = "";
			targets = (
				02AB97AE1C5D86EF00C8D155 /* gym8 */,
				02AB97C51C5D86EF00C8D155 /* gym8Tests */,
				02AB97D01C5D86EF00C8D155 /* gym8UITests */,
			);
		};
/* End PBXProject section */

/* Begin PBXResourcesBuildPhase section */
		02AB97AD1C5D86EF00C8D155 /* Resources */ = {
			isa = PBXResourcesBuildPhase;
			buildActionMask = 2147483647;
			files = (
				02AB97C01C5D86EF00C8D155 /* LaunchScreen.storyboard in Resources */,
				02AB97BD1C5D86EF00C8D155 /* Assets.xcassets in Resources */,
				02AB97B81C5D86EF00C8D155 /* Main.storyboard in Resources */,
			);
			runOnlyForDeploymentPostprocessing = 0;
		};
		02AB97C41C5D86EF00C8D155 /* Resources */ = {
			isa = PBXResourcesBuildPhase;
			buildActionMask = 2147483647;
			files = (
			);
			runOnlyForDeploymentPostprocessing = 0;
		};
		02AB97CF1C5D86EF00C8D155 /* Resources */ = {
			isa = PBXResourcesBuildPhase;
			buildActionMask = 2147483647;
			files = (
			);
			runOnlyForDeploymentPostprocessing = 0;
		};
/* End PBXResourcesBuildPhase section */

/* Begin PBXSourcesBuildPhase section */
		02AB97AB1C5D86EF00C8D155 /* Sources */ = {
			isa = PBXSourcesBuildPhase;
			buildActionMask = 2147483647;
			files = (
				02AB97B51C5D86EF00C8D155 /* ViewController.swift in Sources */,
				02AB97B31C5D86EF00C8D155 /* AppDelegate.swift in Sources */,
				02AB97BB1C5D86EF00C8D155 /* gym8.xcdatamodeld in Sources */,
			);
			runOnlyForDeploymentPostprocessing = 0;
		};
		02AB97C21C5D86EF00C8D155 /* Sources */ = {
			isa = PBXSourcesBuildPhase;
			buildActionMask = 2147483647;
			files = (
				02AB97CB1C5D86EF00C8D155 /* gym8Tests.swift in Sources */,
			);
			runOnlyForDeploymentPostprocessing = 0;
		};
		02AB97CD1C5D86EF00C8D155 /* Sources */ = {
			isa = PBXSourcesBuildPhase;
			buildActionMask = 2147483647;
			files = (
				02AB97D61C5D86EF00C8D155 /* gym8UITests.swift in Sources */,
			);
			runOnlyForDeploymentPostprocessing = 0;
		};
/* End PBXSourcesBuildPhase section */

/* Begin PBXTargetDependency section */
		02AB97C81C5D86EF00C8D155 /* PBXTargetDependency */ = {
			isa = PBXTargetDependency;
			target = 02AB97AE1C5D86EF00C8D155 /* gym8 */;
			targetProxy = 02AB97C71C5D86EF00C8D155 /* PBXContainerItemProxy */;
		};
		02AB97D31C5D86EF00C8D155 /* PBXTargetDependency */ = {
			isa = PBXTargetDependency;
			target = 02AB97AE1C5D86EF00C8D155 /* gym8 */;
			targetProxy = 02AB97D21C5D86EF00C8D155 /* PBXContainerItemProxy */;
		};
/* End PBXTargetDependency section */

/* Begin PBXVariantGroup section */
		02AB97B61C5D86EF00C8D155 /* Main.storyboard */ = {
			isa = PBXVariantGroup;
			children = (
				02AB97B71C5D86EF00C8D155 /* Base */,
			);
			name = Main.storyboard;
			sourceTree = "<group>";
		};
		02AB97BE1C5D86EF00C8D155 /* LaunchScreen.storyboard */ = {
			isa = PBXVariantGroup;
			children = (
				02AB97BF1C5D86EF00C8D155 /* Base */,
			);
			name = LaunchScreen.storyboard;
			sourceTree = "<group>";
		};
/* End PBXVariantGroup section */

/* Begin XCBuildConfiguration section */
		02AB97D81C5D86EF00C8D155 /* Debug */ = {
			isa = XCBuildConfiguration;
			buildSettings = {
				ALWAYS_SEARCH_USER_PATHS = NO;
				CLANG_CXX_LANGUAGE_STANDARD = "gnu++0x";
				CLANG_CXX_LIBRARY = "libc++";
				CLANG_ENABLE_MODULES = YES;
				CLANG_ENABLE_OBJC_ARC = YES;
				CLANG_WARN_BOOL_CONVERSION = YES;
				CLANG_WARN_CONSTANT_CONVERSION = YES;
				CLANG_WARN_DIRECT_OBJC_ISA_USAGE = YES_ERROR;
				CLANG_WARN_EMPTY_BODY = YES;
				CLANG_WARN_ENUM_CONVERSION = YES;
				CLANG_WARN_INT_CONVERSION = YES;
				CLANG_WARN_OBJC_ROOT_CLASS = YES_ERROR;
				CLANG_WARN_UNREACHABLE_CODE = YES;
				CLANG_WARN__DUPLICATE_METHOD_MATCH = YES;
				"CODE_SIGN_IDENTITY[sdk=iphoneos*]" = "iPhone Developer";
				COPY_PHASE_STRIP = NO;
				DEBUG_INFORMATION_FORMAT = dwarf;
				ENABLE_STRICT_OBJC_MSGSEND = YES;
				ENABLE_TESTABILITY = YES;
				GCC_C_LANGUAGE_STANDARD = gnu99;
				GCC_DYNAMIC_NO_PIC = NO;
				GCC_NO_COMMON_BLOCKS = YES;
				GCC_OPTIMIZATION_LEVEL = 0;
				GCC_PREPROCESSOR_DEFINITIONS = (
					"DEBUG=1",
					"$(inherited)",
				);
				GCC_WARN_64_TO_32_BIT_CONVERSION = YES;
				GCC_WARN_ABOUT_RETURN_TYPE = YES_ERROR;
				GCC_WARN_UNDECLARED_SELECTOR = YES;
				GCC_WARN_UNINITIALIZED_AUTOS = YES_AGGRESSIVE;
				GCC_WARN_UNUSED_FUNCTION = YES;
				GCC_WARN_UNUSED_VARIABLE = YES;
				IPHONEOS_DEPLOYMENT_TARGET = 9.2;
				MTL_ENABLE_DEBUG_INFO = YES;
				ONLY_ACTIVE_ARCH = YES;
				SDKROOT = iphoneos;
				SWIFT_OPTIMIZATION_LEVEL = "-Onone";
				TARGETED_DEVICE_FAMILY = "1,2";
			};
			name = Debug;
		};
		02AB97D91C5D86EF00C8D155 /* Release */ = {
			isa = XCBuildConfiguration;
			buildSettings = {
				ALWAYS_SEARCH_USER_PATHS = NO;
				CLANG_CXX_LANGUAGE_STANDARD = "gnu++0x";
				CLANG_CXX_LIBRARY = "libc++";
				CLANG_ENABLE_MODULES = YES;
				CLANG_ENABLE_OBJC_ARC = YES;
				CLANG_WARN_BOOL_CONVERSION = YES;
				CLANG_WARN_CONSTANT_CONVERSION = YES;
				CLANG_WARN_DIRECT_OBJC_ISA_USAGE = YES_ERROR;
				CLANG_WARN_EMPTY_BODY = YES;
				CLANG_WARN_ENUM_CONVERSION = YES;
				CLANG_WARN_INT_CONVERSION = YES;
				CLANG_WARN_OBJC_ROOT_CLASS = YES_ERROR;
				CLANG_WARN_UNREACHABLE_CODE = YES;
				CLANG_WARN__DUPLICATE_METHOD_MATCH = YES;
				"CODE_SIGN_IDENTITY[sdk=iphoneos*]" = "iPhone Developer";
				COPY_PHASE_STRIP = NO;
				DEBUG_INFORMATION_FORMAT = "dwarf-with-dsym";
				ENABLE_NS_ASSERTIONS = NO;
				ENABLE_STRICT_OBJC_MSGSEND = YES;
				GCC_C_LANGUAGE_STANDARD = gnu99;
				GCC_NO_COMMON_BLOCKS = YES;
				GCC_WARN_64_TO_32_BIT_CONVERSION = YES;
				GCC_WARN_ABOUT_RETURN_TYPE = YES_ERROR;
				GCC_WARN_UNDECLARED_SELECTOR = YES;
				GCC_WARN_UNINITIALIZED_AUTOS = YES_AGGRESSIVE;
				GCC_WARN_UNUSED_FUNCTION = YES;
				GCC_WARN_UNUSED_VARIABLE = YES;
				IPHONEOS_DEPLOYMENT_TARGET = 9.2;
				MTL_ENABLE_DEBUG_INFO = NO;
				SDKROOT = iphoneos;
				TARGETED_DEVICE_FAMILY = "1,2";
				VALIDATE_PRODUCT = YES;
			};
			name = Release;
		};
		02AB97DB1C5D86EF00C8D155 /* Debug */ = {
			isa = XCBuildConfiguration;
			buildSettings = {
				ASSETCATALOG_COMPILER_APPICON_NAME = AppIcon;
				INFOPLIST_FILE = gym8/Info.plist;
				LD_RUNPATH_SEARCH_PATHS = "$(inherited) @executable_path/Frameworks";
				PRODUCT_BUNDLE_IDENTIFIER = com.TrungDo.gym8;
				PRODUCT_NAME = "$(TARGET_NAME)";
			};
			name = Debug;
		};
		02AB97DC1C5D86EF00C8D155 /* Release */ = {
			isa = XCBuildConfiguration;
			buildSettings = {
				ASSETCATALOG_COMPILER_APPICON_NAME = AppIcon;
				INFOPLIST_FILE = gym8/Info.plist;
				LD_RUNPATH_SEARCH_PATHS = "$(inherited) @executable_path/Frameworks";
				PRODUCT_BUNDLE_IDENTIFIER = com.TrungDo.gym8;
				PRODUCT_NAME = "$(TARGET_NAME)";
			};
			name = Release;
		};
		02AB97DE1C5D86EF00C8D155 /* Debug */ = {
			isa = XCBuildConfiguration;
			buildSettings = {
				BUNDLE_LOADER = "$(TEST_HOST)";
				INFOPLIST_FILE = gym8Tests/Info.plist;
				LD_RUNPATH_SEARCH_PATHS = "$(inherited) @executable_path/Frameworks @loader_path/Frameworks";
				PRODUCT_BUNDLE_IDENTIFIER = com.TrungDo.gym8Tests;
				PRODUCT_NAME = "$(TARGET_NAME)";
				TEST_HOST = "$(BUILT_PRODUCTS_DIR)/gym8.app/gym8";
			};
			name = Debug;
		};
		02AB97DF1C5D86EF00C8D155 /* Release */ = {
			isa = XCBuildConfiguration;
			buildSettings = {
				BUNDLE_LOADER = "$(TEST_HOST)";
				INFOPLIST_FILE = gym8Tests/Info.plist;
				LD_RUNPATH_SEARCH_PATHS = "$(inherited) @executable_path/Frameworks @loader_path/Frameworks";
				PRODUCT_BUNDLE_IDENTIFIER = com.TrungDo.gym8Tests;
				PRODUCT_NAME = "$(TARGET_NAME)";
				TEST_HOST = "$(BUILT_PRODUCTS_DIR)/gym8.app/gym8";
			};
			name = Release;
		};
		02AB97E11C5D86EF00C8D155 /* Debug */ = {
			isa = XCBuildConfiguration;
			buildSettings = {
				INFOPLIST_FILE = gym8UITests/Info.plist;
				LD_RUNPATH_SEARCH_PATHS = "$(inherited) @executable_path/Frameworks @loader_path/Frameworks";
				PRODUCT_BUNDLE_IDENTIFIER = com.TrungDo.gym8UITests;
				PRODUCT_NAME = "$(TARGET_NAME)";
				TEST_TARGET_NAME = gym8;
				USES_XCTRUNNER = YES;
			};
			name = Debug;
		};
		02AB97E21C5D86EF00C8D155 /* Release */ = {
			isa = XCBuildConfiguration;
			buildSettings = {
				INFOPLIST_FILE = gym8UITests/Info.plist;
				LD_RUNPATH_SEARCH_PATHS = "$(inherited) @executable_path/Frameworks @loader_path/Frameworks";
				PRODUCT_BUNDLE_IDENTIFIER = com.TrungDo.gym8UITests;
				PRODUCT_NAME = "$(TARGET_NAME)";
				TEST_TARGET_NAME = gym8;
				USES_XCTRUNNER = YES;
			};
			name = Release;
		};
/* End XCBuildConfiguration section */

/* Begin XCConfigurationList section */
		02AB97AA1C5D86EF00C8D155 /* Build configuration list for PBXProject "gym8" */ = {
			isa = XCConfigurationList;
			buildConfigurations = (
				02AB97D81C5D86EF00C8D155 /* Debug */,
				02AB97D91C5D86EF00C8D155 /* Release */,
			);
			defaultConfigurationIsVisible = 0;
			defaultConfigurationName = Release;
		};
		02AB97DA1C5D86EF00C8D155 /* Build configuration list for PBXNativeTarget "gym8" */ = {
			isa = XCConfigurationList;
			buildConfigurations = (
				02AB97DB1C5D86EF00C8D155 /* Debug */,
				02AB97DC1C5D86EF00C8D155 /* Release */,
			);
			defaultConfigurationIsVisible = 0;
		};
		02AB97DD1C5D86EF00C8D155 /* Build configuration list for PBXNativeTarget "gym8Tests" */ = {
			isa = XCConfigurationList;
			buildConfigurations = (
				02AB97DE1C5D86EF00C8D155 /* Debug */,
				02AB97DF1C5D86EF00C8D155 /* Release */,
			);
			defaultConfigurationIsVisible = 0;
		};
		02AB97E01C5D86EF00C8D155 /* Build configuration list for PBXNativeTarget "gym8UITests" */ = {
			isa = XCConfigurationList;
			buildConfigurations = (
				02AB97E11C5D86EF00C8D155 /* Debug */,
				02AB97E21C5D86EF00C8D155 /* Release */,
			);
			defaultConfigurationIsVisible = 0;
		};
/* End XCConfigurationList section */

/* Begin XCVersionGroup section */
		02AB97B91C5D86EF00C8D155 /* gym8.xcdatamodeld */ = {
			isa = XCVersionGroup;
			children = (
				02AB97BA1C5D86EF00C8D155 /* gym8.xcdatamodel */,
			);
			currentVersion = 02AB97BA1C5D86EF00C8D155 /* gym8.xcdatamodel */;
			path = gym8.xcdatamodeld;
			sourceTree = "<group>";
			versionGroupType = wrapper.xcdatamodel;
		};
/* End XCVersionGroup section */
	};
	rootObject = 02AB97A71C5D86EF00C8D155 /* Project object */;
}
